// !$*UTF8*$!
{
	archiveVersion = 1;
	classes = {
	};
	objectVersion = 46;
	objects = {

/* Begin PBXBuildFile section */
		F2AAC9C11D3C639C00A710A2 /* main.m in Sources */ = {isa = PBXBuildFile; fileRef = F2AAC9C01D3C639C00A710A2 /* main.m */; };
		F2AAC9C41D3C639C00A710A2 /* AppDelegate.m in Sources */ = {isa = PBXBuildFile; fileRef = F2AAC9C31D3C639C00A710A2 /* AppDelegate.m */; };
		F2AAC9C71D3C639C00A710A2 /* ViewController.m in Sources */ = {isa = PBXBuildFile; fileRef = F2AAC9C61D3C639C00A710A2 /* ViewController.m */; };
		F2AAC9CA1D3C639C00A710A2 /* Main.storyboard in Resources */ = {isa = PBXBuildFile; fileRef = F2AAC9C81D3C639C00A710A2 /* Main.storyboard */; };
		F2AAC9CC1D3C639C00A710A2 /* Assets.xcassets in Resources */ = {isa = PBXBuildFile; fileRef = F2AAC9CB1D3C639C00A710A2 /* Assets.xcassets */; };
		F2AAC9CF1D3C639C00A710A2 /* LaunchScreen.storyboard in Resources */ = {isa = PBXBuildFile; fileRef = F2AAC9CD1D3C639C00A710A2 /* LaunchScreen.storyboard */; };
		F2AAC9D81D3C63D700A710A2 /* DerivedKit.framework in Frameworks */ = {isa = PBXBuildFile; fileRef = F2AAC9D61D3C63D400A710A2 /* DerivedKit.framework */; };
		F2AAC9D91D3C63D700A710A2 /* DerivedKit.framework in Embed Frameworks */ = {isa = PBXBuildFile; fileRef = F2AAC9D61D3C63D400A710A2 /* DerivedKit.framework */; settings = {ATTRIBUTES = (CodeSignOnCopy, RemoveHeadersOnCopy, ); }; };
		F2AAC9DD1D3C666700A710A2 /* SignDataSample.m in Sources */ = {isa = PBXBuildFile; fileRef = F2AAC9DC1D3C666700A710A2 /* SignDataSample.m */; };
		F2AAC9E01D3C667500A710A2 /* AuthenticateSample.m in Sources */ = {isa = PBXBuildFile; fileRef = F2AAC9DF1D3C667500A710A2 /* AuthenticateSample.m */; };
/* End PBXBuildFile section */

/* Begin PBXCopyFilesBuildPhase section */
		F2AAC9DA1D3C63D800A710A2 /* Embed Frameworks */ = {
			isa = PBXCopyFilesBuildPhase;
			buildActionMask = 2147483647;
			dstPath = "";
			dstSubfolderSpec = 10;
			files = (
				F2AAC9D91D3C63D700A710A2 /* DerivedKit.framework in Embed Frameworks */,
			);
			name = "Embed Frameworks";
			runOnlyForDeploymentPostprocessing = 0;
		};
/* End PBXCopyFilesBuildPhase section */

/* Begin PBXFileReference section */
		F2AAC9BC1D3C639C00A710A2 /* DerivedSample-ObjC.app */ = {isa = PBXFileReference; explicitFileType = wrapper.application; includeInIndex = 0; path = "DerivedSample-ObjC.app"; sourceTree = BUILT_PRODUCTS_DIR; };
		F2AAC9C01D3C639C00A710A2 /* main.m */ = {isa = PBXFileReference; lastKnownFileType = sourcecode.c.objc; path = main.m; sourceTree = "<group>"; };
		F2AAC9C21D3C639C00A710A2 /* AppDelegate.h */ = {isa = PBXFileReference; lastKnownFileType = sourcecode.c.h; path = AppDelegate.h; sourceTree = "<group>"; };
		F2AAC9C31D3C639C00A710A2 /* AppDelegate.m */ = {isa = PBXFileReference; lastKnownFileType = sourcecode.c.objc; path = AppDelegate.m; sourceTree = "<group>"; };
		F2AAC9C51D3C639C00A710A2 /* ViewController.h */ = {isa = PBXFileReference; lastKnownFileType = sourcecode.c.h; path = ViewController.h; sourceTree = "<group>"; };
		F2AAC9C61D3C639C00A710A2 /* ViewController.m */ = {isa = PBXFileReference; lastKnownFileType = sourcecode.c.objc; path = ViewController.m; sourceTree = "<group>"; };
		F2AAC9C91D3C639C00A710A2 /* Base */ = {isa = PBXFileReference; lastKnownFileType = file.storyboard; name = Base; path = Base.lproj/Main.storyboard; sourceTree = "<group>"; };
		F2AAC9CB1D3C639C00A710A2 /* Assets.xcassets */ = {isa = PBXFileReference; lastKnownFileType = folder.assetcatalog; path = Assets.xcassets; sourceTree = "<group>"; };
		F2AAC9CE1D3C639C00A710A2 /* Base */ = {isa = PBXFileReference; lastKnownFileType = file.storyboard; name = Base; path = Base.lproj/LaunchScreen.storyboard; sourceTree = "<group>"; };
		F2AAC9D01D3C639C00A710A2 /* Info.plist */ = {isa = PBXFileReference; lastKnownFileType = text.plist.xml; path = Info.plist; sourceTree = "<group>"; };
		F2AAC9D61D3C63D400A710A2 /* DerivedKit.framework */ = {isa = PBXFileReference; lastKnownFileType = wrapper.framework; name = DerivedKit.framework; path = ../../../../../Library/Frameworks/Rebar/Development/DerivedKit.framework; sourceTree = "<group>"; };
		F2AAC9DB1D3C666700A710A2 /* SignDataSample.h */ = {isa = PBXFileReference; fileEncoding = 4; lastKnownFileType = sourcecode.c.h; path = SignDataSample.h; sourceTree = "<group>"; };
		F2AAC9DC1D3C666700A710A2 /* SignDataSample.m */ = {isa = PBXFileReference; fileEncoding = 4; lastKnownFileType = sourcecode.c.objc; path = SignDataSample.m; sourceTree = "<group>"; };
		F2AAC9DE1D3C667500A710A2 /* AuthenticateSample.h */ = {isa = PBXFileReference; fileEncoding = 4; lastKnownFileType = sourcecode.c.h; path = AuthenticateSample.h; sourceTree = "<group>"; };
		F2AAC9DF1D3C667500A710A2 /* AuthenticateSample.m */ = {isa = PBXFileReference; fileEncoding = 4; lastKnownFileType = sourcecode.c.objc; path = AuthenticateSample.m; sourceTree = "<group>"; };
/* End PBXFileReference section */

/* Begin PBXFrameworksBuildPhase section */
		F2AAC9B91D3C639C00A710A2 /* Frameworks */ = {
			isa = PBXFrameworksBuildPhase;
			buildActionMask = 2147483647;
			files = (
				F2AAC9D81D3C63D700A710A2 /* DerivedKit.framework in Frameworks */,
			);
			runOnlyForDeploymentPostprocessing = 0;
		};
/* End PBXFrameworksBuildPhase section */

/* Begin PBXGroup section */
		F2AAC9B31D3C639C00A710A2 = {
			isa = PBXGroup;
			children = (
				F2AAC9D61D3C63D400A710A2 /* DerivedKit.framework */,
				F2AAC9BE1D3C639C00A710A2 /* DerivedSample-ObjC */,
				F2AAC9BD1D3C639C00A710A2 /* Products */,
			);
			sourceTree = "<group>";
		};
		F2AAC9BD1D3C639C00A710A2 /* Products */ = {
			isa = PBXGroup;
			children = (
				F2AAC9BC1D3C639C00A710A2 /* DerivedSample-ObjC.app */,
			);
			name = Products;
			sourceTree = "<group>";
		};
		F2AAC9BE1D3C639C00A710A2 /* DerivedSample-ObjC */ = {
			isa = PBXGroup;
			children = (
				F2AAC9C21D3C639C00A710A2 /* AppDelegate.h */,
				F2AAC9C31D3C639C00A710A2 /* AppDelegate.m */,
				F2AAC9C51D3C639C00A710A2 /* ViewController.h */,
				F2AAC9C61D3C639C00A710A2 /* ViewController.m */,
				F2AAC9C81D3C639C00A710A2 /* Main.storyboard */,
				F2AAC9CB1D3C639C00A710A2 /* Assets.xcassets */,
				F2AAC9CD1D3C639C00A710A2 /* LaunchScreen.storyboard */,
				F2AAC9D01D3C639C00A710A2 /* Info.plist */,
				F2AAC9BF1D3C639C00A710A2 /* Supporting Files */,
				F2AAC9DB1D3C666700A710A2 /* SignDataSample.h */,
				F2AAC9DC1D3C666700A710A2 /* SignDataSample.m */,
				F2AAC9DE1D3C667500A710A2 /* AuthenticateSample.h */,
				F2AAC9DF1D3C667500A710A2 /* AuthenticateSample.m */,
			);
			path = "DerivedSample-ObjC";
			sourceTree = "<group>";
		};
		F2AAC9BF1D3C639C00A710A2 /* Supporting Files */ = {
			isa = PBXGroup;
			children = (
				F2AAC9C01D3C639C00A710A2 /* main.m */,
			);
			name = "Supporting Files";
			sourceTree = "<group>";
		};
/* End PBXGroup section */

/* Begin PBXNativeTarget section */
		F2AAC9BB1D3C639C00A710A2 /* DerivedSample-ObjC */ = {
			isa = PBXNativeTarget;
			buildConfigurationList = F2AAC9D31D3C639C00A710A2 /* Build configuration list for PBXNativeTarget "DerivedSample-ObjC" */;
			buildPhases = (
				F2AAC9B81D3C639C00A710A2 /* Sources */,
				F2AAC9B91D3C639C00A710A2 /* Frameworks */,
				F2AAC9BA1D3C639C00A710A2 /* Resources */,
				F2AAC9DA1D3C63D800A710A2 /* Embed Frameworks */,
			);
			buildRules = (
			);
			dependencies = (
			);
			name = "DerivedSample-ObjC";
			productName = "DerivedSample-ObjC";
			productReference = F2AAC9BC1D3C639C00A710A2 /* DerivedSample-ObjC.app */;
			productType = "com.apple.product-type.application";
		};
/* End PBXNativeTarget section */

/* Begin PBXProject section */
		F2AAC9B41D3C639C00A710A2 /* Project object */ = {
			isa = PBXProject;
			attributes = {
				LastUpgradeCheck = 0730;
				ORGANIZATIONNAME = "Monkton, Inc";
				TargetAttributes = {
					F2AAC9BB1D3C639C00A710A2 = {
						CreatedOnToolsVersion = 7.3.1;
					};
				};
			};
			buildConfigurationList = F2AAC9B71D3C639C00A710A2 /* Build configuration list for PBXProject "DerivedSample-ObjC" */;
			compatibilityVersion = "Xcode 3.2";
			developmentRegion = English;
			hasScannedForEncodings = 0;
			knownRegions = (
				en,
				Base,
			);
			mainGroup = F2AAC9B31D3C639C00A710A2;
			productRefGroup = F2AAC9BD1D3C639C00A710A2 /* Products */;
			projectDirPath = "";
			projectRoot = "";
			targets = (
				F2AAC9BB1D3C639C00A710A2 /* DerivedSample-ObjC */,
			);
		};
/* End PBXProject section */

/* Begin PBXResourcesBuildPhase section */
		F2AAC9BA1D3C639C00A710A2 /* Resources */ = {
			isa = PBXResourcesBuildPhase;
			buildActionMask = 2147483647;
			files = (
				F2AAC9CF1D3C639C00A710A2 /* LaunchScreen.storyboard in Resources */,
				F2AAC9CC1D3C639C00A710A2 /* Assets.xcassets in Resources */,
				F2AAC9CA1D3C639C00A710A2 /* Main.storyboard in Resources */,
			);
			runOnlyForDeploymentPostprocessing = 0;
		};
/* End PBXResourcesBuildPhase section */

/* Begin PBXSourcesBuildPhase section */
		F2AAC9B81D3C639C00A710A2 /* Sources */ = {
			isa = PBXSourcesBuildPhase;
			buildActionMask = 2147483647;
			files = (
				F2AAC9E01D3C667500A710A2 /* AuthenticateSample.m in Sources */,
				F2AAC9DD1D3C666700A710A2 /* SignDataSample.m in Sources */,
				F2AAC9C71D3C639C00A710A2 /* ViewController.m in Sources */,
				F2AAC9C41D3C639C00A710A2 /* AppDelegate.m in Sources */,
				F2AAC9C11D3C639C00A710A2 /* main.m in Sources */,
			);
			runOnlyForDeploymentPostprocessing = 0;
		};
/* End PBXSourcesBuildPhase section */

/* Begin PBXVariantGroup section */
		F2AAC9C81D3C639C00A710A2 /* Main.storyboard */ = {
			isa = PBXVariantGroup;
			children = (
				F2AAC9C91D3C639C00A710A2 /* Base */,
			);
			name = Main.storyboard;
			sourceTree = "<group>";
		};
		F2AAC9CD1D3C639C00A710A2 /* LaunchScreen.storyboard */ = {
			isa = PBXVariantGroup;
			children = (
				F2AAC9CE1D3C639C00A710A2 /* Base */,
			);
			name = LaunchScreen.storyboard;
			sourceTree = "<group>";
		};
/* End PBXVariantGroup section */

/* Begin XCBuildConfiguration section */
		F2AAC9D11D3C639C00A710A2 /* Debug */ = {
			isa = XCBuildConfiguration;
			buildSettings = {
				ALWAYS_SEARCH_USER_PATHS = NO;
				CLANG_ANALYZER_NONNULL = YES;
				CLANG_CXX_LANGUAGE_STANDARD = "gnu++0x";
				CLANG_CXX_LIBRARY = "libc++";
				CLANG_ENABLE_MODULES = YES;
				CLANG_ENABLE_OBJC_ARC = YES;
				CLANG_WARN_BOOL_CONVERSION = YES;
				CLANG_WARN_CONSTANT_CONVERSION = YES;
				CLANG_WARN_DIRECT_OBJC_ISA_USAGE = YES_ERROR;
				CLANG_WARN_EMPTY_BODY = YES;
				CLANG_WARN_ENUM_CONVERSION = YES;
				CLANG_WARN_INT_CONVERSION = YES;
				CLANG_WARN_OBJC_ROOT_CLASS = YES_ERROR;
				CLANG_WARN_UNREACHABLE_CODE = YES;
				CLANG_WARN__DUPLICATE_METHOD_MATCH = YES;
				"CODE_SIGN_IDENTITY[sdk=iphoneos*]" = "iPhone Developer";
				COPY_PHASE_STRIP = NO;
				DEBUG_INFORMATION_FORMAT = dwarf;
				ENABLE_STRICT_OBJC_MSGSEND = YES;
				ENABLE_TESTABILITY = YES;
				GCC_C_LANGUAGE_STANDARD = gnu99;
				GCC_DYNAMIC_NO_PIC = NO;
				GCC_NO_COMMON_BLOCKS = YES;
				GCC_OPTIMIZATION_LEVEL = 0;
				GCC_PREPROCESSOR_DEFINITIONS = (
					"DEBUG=1",
					"$(inherited)",
				);
				GCC_WARN_64_TO_32_BIT_CONVERSION = YES;
				GCC_WARN_ABOUT_RETURN_TYPE = YES_ERROR;
				GCC_WARN_UNDECLARED_SELECTOR = YES;
				GCC_WARN_UNINITIALIZED_AUTOS = YES_AGGRESSIVE;
				GCC_WARN_UNUSED_FUNCTION = YES;
				GCC_WARN_UNUSED_VARIABLE = YES;
				IPHONEOS_DEPLOYMENT_TARGET = 9.3;
				MTL_ENABLE_DEBUG_INFO = YES;
				ONLY_ACTIVE_ARCH = YES;
				SDKROOT = iphoneos;
				TARGETED_DEVICE_FAMILY = "1,2";
			};
			name = Debug;
		};
		F2AAC9D21D3C639C00A710A2 /* Release */ = {
			isa = XCBuildConfiguration;
			buildSettings = {
				ALWAYS_SEARCH_USER_PATHS = NO;
				CLANG_ANALYZER_NONNULL = YES;
				CLANG_CXX_LANGUAGE_STANDARD = "gnu++0x";
				CLANG_CXX_LIBRARY = "libc++";
				CLANG_ENABLE_MODULES = YES;
				CLANG_ENABLE_OBJC_ARC = YES;
				CLANG_WARN_BOOL_CONVERSION = YES;
				CLANG_WARN_CONSTANT_CONVERSION = YES;
				CLANG_WARN_DIRECT_OBJC_ISA_USAGE = YES_ERROR;
				CLANG_WARN_EMPTY_BODY = YES;
				CLANG_WARN_ENUM_CONVERSION = YES;
				CLANG_WARN_INT_CONVERSION = YES;
				CLANG_WARN_OBJC_ROOT_CLASS = YES_ERROR;
				CLANG_WARN_UNREACHABLE_CODE = YES;
				CLANG_WARN__DUPLICATE_METHOD_MATCH = YES;
				"CODE_SIGN_IDENTITY[sdk=iphoneos*]" = "iPhone Developer";
				COPY_PHASE_STRIP = NO;
				DEBUG_INFORMATION_FORMAT = "dwarf-with-dsym";
				ENABLE_NS_ASSERTIONS = NO;
				ENABLE_STRICT_OBJC_MSGSEND = YES;
				GCC_C_LANGUAGE_STANDARD = gnu99;
				GCC_NO_COMMON_BLOCKS = YES;
				GCC_WARN_64_TO_32_BIT_CONVERSION = YES;
				GCC_WARN_ABOUT_RETURN_TYPE = YES_ERROR;
				GCC_WARN_UNDECLARED_SELECTOR = YES;
				GCC_WARN_UNINITIALIZED_AUTOS = YES_AGGRESSIVE;
				GCC_WARN_UNUSED_FUNCTION = YES;
				GCC_WARN_UNUSED_VARIABLE = YES;
				IPHONEOS_DEPLOYMENT_TARGET = 9.3;
				MTL_ENABLE_DEBUG_INFO = NO;
				SDKROOT = iphoneos;
				TARGETED_DEVICE_FAMILY = "1,2";
				VALIDATE_PRODUCT = YES;
			};
			name = Release;
		};
		F2AAC9D41D3C639C00A710A2 /* Debug */ = {
			isa = XCBuildConfiguration;
			buildSettings = {
				ASSETCATALOG_COMPILER_APPICON_NAME = AppIcon;
				FRAMEWORK_SEARCH_PATHS = (
					"$(inherited)",
					/Library/Frameworks/Rebar/Development,
				);
				INFOPLIST_FILE = "DerivedSample-ObjC/Info.plist";
				LD_RUNPATH_SEARCH_PATHS = "$(inherited) @executable_path/Frameworks";
				PRODUCT_BUNDLE_IDENTIFIER = "io.monkton.DerivedSample-ObjC";
				PRODUCT_NAME = "$(TARGET_NAME)";
			};
			name = Debug;
		};
		F2AAC9D51D3C639C00A710A2 /* Release */ = {
			isa = XCBuildConfiguration;
			buildSettings = {
				ASSETCATALOG_COMPILER_APPICON_NAME = AppIcon;
				FRAMEWORK_SEARCH_PATHS = (
					"$(inherited)",
					/Library/Frameworks/Rebar/Production,
				);
				INFOPLIST_FILE = "DerivedSample-ObjC/Info.plist";
				LD_RUNPATH_SEARCH_PATHS = "$(inherited) @executable_path/Frameworks";
				PRODUCT_BUNDLE_IDENTIFIER = "io.monkton.DerivedSample-ObjC";
				PRODUCT_NAME = "$(TARGET_NAME)";
			};
			name = Release;
		};
/* End XCBuildConfiguration section */

/* Begin XCConfigurationList section */
		F2AAC9B71D3C639C00A710A2 /* Build configuration list for PBXProject "DerivedSample-ObjC" */ = {
			isa = XCConfigurationList;
			buildConfigurations = (
				F2AAC9D11D3C639C00A710A2 /* Debug */,
				F2AAC9D21D3C639C00A710A2 /* Release */,
			);
			defaultConfigurationIsVisible = 0;
			defaultConfigurationName = Release;
		};
		F2AAC9D31D3C639C00A710A2 /* Build configuration list for PBXNativeTarget "DerivedSample-ObjC" */ = {
			isa = XCConfigurationList;
			buildConfigurations = (
				F2AAC9D41D3C639C00A710A2 /* Debug */,
				F2AAC9D51D3C639C00A710A2 /* Release */,
			);
			defaultConfigurationIsVisible = 0;
		};
/* End XCConfigurationList section */
	};
	rootObject = F2AAC9B41D3C639C00A710A2 /* Project object */;
}
